
Microsoft Visual Studio Solution File, Format Version 12.00
# Visual Studio Version 17
VisualStudioVersion = 17.8.34330.188
MinimumVisualStudioVersion = 10.0.40219.1
Project("{FAE04EC0-301F-11D3-BF4B-00C04F79EFBC}") = "myweb", "myweb\myweb.csproj", "{5CD25F0A-1E19-4CCD-A2A5-A0F4173E6DF7}"
EndProject
Global
	GlobalSection(SolutionConfigurationPlatforms) = preSolution
		Debug|Any CPU = Debug|Any CPU
		Release|Any CPU = Release|Any CPU
	EndGlobalSection
	GlobalSection(ProjectConfigurationPlatforms) = postSolution
		{5CD25F0A-1E19-4CCD-A2A5-A0F4173E6DF7}.Debug|Any CPU.ActiveCfg = Debug|Any CPU
		{5CD25F0A-1E19-4CCD-A2A5-A0F4173E6DF7}.Debug|Any CPU.Build.0 = Debug|Any CPU
		{5CD25F0A-1E19-4CCD-A2A5-A0F4173E6DF7}.Release|Any CPU.ActiveCfg = Release|Any CPU
		{5CD25F0A-1E19-4CCD-A2A5-A0F4173E6DF7}.Release|Any CPU.Build.0 = Release|Any CPU
	EndGlobalSection
	GlobalSection(SolutionProperties) = preSolution
		HideSolutionNode = FALSE
	EndGlobalSection
	GlobalSection(ExtensibilityGlobals) = postSolution
		SolutionGuid = {0CE1FE72-F797-4AA2-92FD-D1538C43643A}
	EndGlobalSection
EndGlobal
